
Microsoft Visual Studio Solution File, Format Version 12.00
# Visual Studio Version 17
VisualStudioVersion = 17.9.34728.123
MinimumVisualStudioVersion = 10.0.40219.1
Project("{FAE04EC0-301F-11D3-BF4B-00C04F79EFBC}") = "Isogram-Validator", "Isogram-Validator.csproj", "{67704D70-73C9-4FAF-9BE6-3FDD8372E747}"
EndProject
Global
	GlobalSection(SolutionConfigurationPlatforms) = preSolution
		Debug|Any CPU = Debug|Any CPU
		Release|Any CPU = Release|Any CPU
	EndGlobalSection
	GlobalSection(ProjectConfigurationPlatforms) = postSolution
		{67704D70-73C9-4FAF-9BE6-3FDD8372E747}.Debug|Any CPU.ActiveCfg = Debug|Any CPU
		{67704D70-73C9-4FAF-9BE6-3FDD8372E747}.Debug|Any CPU.Build.0 = Debug|Any CPU
		{67704D70-73C9-4FAF-9BE6-3FDD8372E747}.Release|Any CPU.ActiveCfg = Release|Any CPU
		{67704D70-73C9-4FAF-9BE6-3FDD8372E747}.Release|Any CPU.Build.0 = Release|Any CPU
	EndGlobalSection
	GlobalSection(SolutionProperties) = preSolution
		HideSolutionNode = FALSE
	EndGlobalSection
	GlobalSection(ExtensibilityGlobals) = postSolution
		SolutionGuid = {DB4EF8CC-F632-49A2-A153-EACC75375685}
	EndGlobalSection
EndGlobal
